<?xml version="1.0" encoding="utf-8"?>
<Project DefaultTargets="Build" ToolsVersion="4.0" xmlns="http://schemas.microsoft.com/developer/msbuild/2003">
  <ItemGroup>
    <ClInclude Include="AdvancedOgreFramework.hpp">
      <Filter>include</Filter>
    </ClInclude>
    <ClInclude Include="AppState.hpp">
      <Filter>include</Filter>
    </ClInclude>
    <ClInclude Include="AppStateManager.hpp">
      <Filter>include</Filter>
    </ClInclude>
    <ClInclude Include="BombermanApplication.hpp">
      <Filter>include</Filter>
    </ClInclude>
    <ClInclude Include="DotSceneLoader.hpp">
      <Filter>include</Filter>
    </ClInclude>
    <ClInclude Include="GameState.hpp">
      <Filter>include</Filter>
    </ClInclude>
    <ClInclude Include="MenuState.hpp">
      <Filter>include</Filter>
    </ClInclude>
    <ClInclude Include="PauseState.hpp">
      <Filter>include</Filter>
    </ClInclude>
    <ClInclude Include="rapidxml.hpp">
      <Filter>include</Filter>
    </ClInclude>
    <ClInclude Include="SplashScreenState.hpp">
      <Filter>include</Filter>
    </ClInclude>
    <ClInclude Include="NewMOC.h">
      <Filter>include</Filter>
    </ClInclude>
    <ClInclude Include="Bomber.hpp">
      <Filter>include</Filter>
    </ClInclude>
    <ClInclude Include="AppFactory.hpp">
      <Filter>include</Filter>
    </ClInclude>
    <ClInclude Include="HumanBomber.hpp">
      <Filter>include</Filter>
    </ClInclude>
    <ClInclude Include="Ground.hpp">
      <Filter>include</Filter>
    </ClInclude>
    <ClInclude Include="Block.hpp">
      <Filter>include</Filter>
    </ClInclude>
  </ItemGroup>
  <ItemGroup>
    <ClCompile Include="AdvancedOgreFramework.cpp">
      <Filter>source</Filter>
    </ClCompile>
    <ClCompile Include="AppStateManager.cpp">
      <Filter>source</Filter>
    </ClCompile>
    <ClCompile Include="BombermanApplication.cpp">
      <Filter>source</Filter>
    </ClCompile>
    <ClCompile Include="DotSceneLoader.cpp">
      <Filter>source</Filter>
    </ClCompile>
    <ClCompile Include="GameState.cpp">
      <Filter>source</Filter>
    </ClCompile>
    <ClCompile Include="Main.cpp">
      <Filter>source</Filter>
    </ClCompile>
    <ClCompile Include="MenuState.cpp">
      <Filter>source</Filter>
    </ClCompile>
    <ClCompile Include="PauseState.cpp">
      <Filter>source</Filter>
    </ClCompile>
    <ClCompile Include="SplashScreenState.cpp">
      <Filter>source</Filter>
    </ClCompile>
    <ClCompile Include="NewMOC.cpp">
      <Filter>source</Filter>
    </ClCompile>
    <ClCompile Include="Bomber.cpp">
      <Filter>source</Filter>
    </ClCompile>
    <ClCompile Include="AppFactory.cpp">
      <Filter>source</Filter>
    </ClCompile>
    <ClCompile Include="HumanBomber.cpp">
      <Filter>source</Filter>
    </ClCompile>
    <ClCompile Include="Ground.cpp">
      <Filter>source</Filter>
    </ClCompile>
    <ClCompile Include="Block.cpp">
      <Filter>source</Filter>
    </ClCompile>
  </ItemGroup>
  <ItemGroup>
    <ResourceCompile Include="Bomberman.rc" />
    <Image Include="Bomberman.ico" />
  </ItemGroup>
  <ItemGroup>
    <Filter Include="include">
      <UniqueIdentifier>{7134c201-7569-4418-ab38-ae58d8abee83}</UniqueIdentifier>
    </Filter>
    <Filter Include="source">
      <UniqueIdentifier>{d8b2bef9-5b7c-4a7d-a006-1f5fa87b8a94}</UniqueIdentifier>
    </Filter>
  </ItemGroup>
  <ItemGroup>
    <None Include="..\bin\x86-Debug\resources.cfg" />
  </ItemGroup>
</Project>